<?xml version="1.0" encoding="utf-8"?>
<Project ToolsVersion="4.0" xmlns="http://schemas.microsoft.com/developer/msbuild/2003">
  <ItemGroup>
    <Filter Include="Source Files">
      <UniqueIdentifier>{4FC737F1-C7A5-4376-A066-2A32D752A2FF}</UniqueIdentifier>
      <Extensions>qml;cpp;c;cc;cxx;def;odl;idl;hpj;bat;asm;asmx</Extensions>
    </Filter>
    <Filter Include="Header Files">
      <UniqueIdentifier>{93995380-89BD-4b04-88EB-625FBE52EBFB}</UniqueIdentifier>
      <Extensions>h;hh;hpp;hxx;hm;inl;inc;xsd</Extensions>
    </Filter>
    <Filter Include="Resource Files">
      <UniqueIdentifier>{67DA6AB6-F800-4c08-8B7A-83BB121AAD01}</UniqueIdentifier>
      <Extensions>qrc;rc;ico;cur;bmp;dlg;rc2;rct;bin;rgs;gif;jpg;jpeg;jpe;resx;tiff;tif;png;wav;mfcribbon-ms</Extensions>
    </Filter>
    <Filter Include="Form Files">
      <UniqueIdentifier>{99349809-55BA-4b9d-BF79-8FDBB0286EB3}</UniqueIdentifier>
      <Extensions>ui</Extensions>
    </Filter>
    <Filter Include="Translation Files">
      <UniqueIdentifier>{639EADAA-A684-42e4-A9AD-28FC9BCB8F7C}</UniqueIdentifier>
      <Extensions>ts</Extensions>
    </Filter>
    <Filter Include="NewFilter1">
      <UniqueIdentifier>{4fc4d78d-0088-440a-8039-105ab4db434f}</UniqueIdentifier>
    </Filter>
  </ItemGroup>
  <ItemGroup>
    <QtUic Include="QtWidgetsApplication1.ui">
      <Filter>Form Files</Filter>
    </QtUic>
    <QtRcc Include="x64\Debug\picture\picture.qrc">
      <Filter>Resource Files</Filter>
    </QtRcc>
    <QtRcc Include="ui\QtWidgetsApplication1.qrc">
      <Filter>Resource Files</Filter>
    </QtRcc>
  </ItemGroup>
  <ItemGroup>
    <ClCompile Include="main.cpp">
      <Filter>Source Files</Filter>
    </ClCompile>
    <ClCompile Include="base\base.cpp">
      <Filter>Source Files</Filter>
    </ClCompile>
    <ClCompile Include="base\mesh.cpp">
      <Filter>Source Files</Filter>
    </ClCompile>
    <ClCompile Include="LBM\LBM1.cpp">
      <Filter>Source Files</Filter>
    </ClCompile>
    <ClCompile Include="LBM\LBM_Thread.cpp">
      <Filter>Source Files</Filter>
    </ClCompile>
    <ClCompile Include="cvfem\Mesh_cvfem.cpp">
      <Filter>Source Files</Filter>
    </ClCompile>
    <ClCompile Include="ui\SphereDialog.cpp">
      <Filter>Source Files</Filter>
    </ClCompile>
    <ClCompile Include="ui\meshdim.cpp">
      <Filter>Source Files</Filter>
    </ClCompile>
    <ClCompile Include="ui\QtWidgetsApplication1.cpp">
      <Filter>Source Files</Filter>
    </ClCompile>
    <ClCompile Include="FVM.cpp">
      <Filter>Source Files</Filter>
    </ClCompile>
  </ItemGroup>
  <ItemGroup>
    <ClInclude Include="x64\Debug\uic\ui_QtWidgetsApplication1.h">
      <Filter>Header Files</Filter>
    </ClInclude>
    <ClInclude Include="base\mesh.h">
      <Filter>Header Files</Filter>
    </ClInclude>
    <ClInclude Include="base\base.h">
      <Filter>Header Files</Filter>
    </ClInclude>
    <ClInclude Include="cvfem\FVM.h">
      <Filter>Header Files</Filter>
    </ClInclude>
    <ClInclude Include="cvfem\Mesh_cvfem.h">
      <Filter>Header Files</Filter>
    </ClInclude>
    <ClInclude Include="LBM\LBM1.h">
      <Filter>Header Files</Filter>
    </ClInclude>
  </ItemGroup>
  <ItemGroup>
    <QtMoc Include="ui\QtWidgetsApplication1.h">
      <Filter>Header Files</Filter>
    </QtMoc>
    <QtMoc Include="LBM\LBM_Thread.h">
      <Filter>Header Files</Filter>
    </QtMoc>
    <QtMoc Include="ui\SphereDialog.h">
      <Filter>Header Files</Filter>
    </QtMoc>
    <QtMoc Include="ui\meshdim.h">
      <Filter>Header Files</Filter>
    </QtMoc>
  </ItemGroup>
</Project>